<Solution>
  <Folder Name="/src/">
    <Project Path="src/GroceryManager.Api/GroceryManager.Api.csproj" />
  </Folder>
  <Folder Name="/tests/">
    <Project Path="tests/GroceryManager.Api.IntegrationTests/GroceryManager.Api.IntegrationTests.csproj" />
    <Project Path="tests/GroceryManager.UnitTests/GroceryManager.UnitTests.csproj" />
  </Folder>
</Solution>
